# This file is automatically @generated by Cargo.
# It is not intended for manual editing.
version = 4

[[package]]
name = "feox-asi"
version = "0.1.0"
source = "git+https://github.com/rustcor-foundry/Feox.git#66837de2288ae227d2b8a8d751e1c053ac62797e"

[[package]]
name = "feox-nvme"
version = "0.1.0"
source = "git+https://github.com/rustcor-foundry/Feox.git#66837de2288ae227d2b8a8d751e1c053ac62797e"
dependencies = [
 "feox-asi",
]

[[package]]
name = "rfs-core"
version = "0.1.0"

[[package]]
name = "rfs-feox"
version = "0.1.0"
dependencies = [
 "feox-nvme",
 "rfs-core",
]
